
Microsoft Visual Studio Solution File, Format Version 12.00
# Visual Studio Version 16
VisualStudioVersion = 16.0.30523.141
MinimumVisualStudioVersion = 10.0.40219.1
Project("{F184B08F-C81C-45F6-A57F-5ABD9991F28F}") = "BmiCalculate", "BmiCalculate\BmiCalculate.vbproj", "{A1586994-688C-43A4-8244-EB04DBA02237}"
EndProject
Global
	GlobalSection(SolutionConfigurationPlatforms) = preSolution
		Debug|Any CPU = Debug|Any CPU
		Release|Any CPU = Release|Any CPU
	EndGlobalSection
	GlobalSection(ProjectConfigurationPlatforms) = postSolution
		{A1586994-688C-43A4-8244-EB04DBA02237}.Debug|Any CPU.ActiveCfg = Debug|Any CPU
		{A1586994-688C-43A4-8244-EB04DBA02237}.Debug|Any CPU.Build.0 = Debug|Any CPU
		{A1586994-688C-43A4-8244-EB04DBA02237}.Release|Any CPU.ActiveCfg = Release|Any CPU
		{A1586994-688C-43A4-8244-EB04DBA02237}.Release|Any CPU.Build.0 = Release|Any CPU
	EndGlobalSection
	GlobalSection(SolutionProperties) = preSolution
		HideSolutionNode = FALSE
	EndGlobalSection
	GlobalSection(ExtensibilityGlobals) = postSolution
		SolutionGuid = {B05A712F-AD8D-4ECF-A7E8-8ED22A592F5C}
	EndGlobalSection
EndGlobal
